// !$*UTF8*$!
{
	archiveVersion = 1;
	classes = {
	};
	objectVersion = 48;
	objects = {

/* Begin PBXBuildFile section */
		0594CEE51FCB57E600543C91 /* Beer.swift in Sources */ = {isa = PBXBuildFile; fileRef = 0594CEE41FCB57E600543C91 /* Beer.swift */; };
		0594CEE71FCB59D900543C91 /* REST.swift in Sources */ = {isa = PBXBuildFile; fileRef = 0594CEE61FCB59D900543C91 /* REST.swift */; };
		0594CEE91FCB5D7D00543C91 /* BeerTableViewController.swift in Sources */ = {isa = PBXBuildFile; fileRef = 0594CEE81FCB5D7D00543C91 /* BeerTableViewController.swift */; };
		0594CEED1FCB6A6B00543C91 /* BeerTableViewCell.swift in Sources */ = {isa = PBXBuildFile; fileRef = 0594CEEC1FCB6A6B00543C91 /* BeerTableViewCell.swift */; };
		0594CEEF1FD3766B00543C91 /* BeerViewController.swift in Sources */ = {isa = PBXBuildFile; fileRef = 0594CEEE1FD3766B00543C91 /* BeerViewController.swift */; };
		05B1CE961FCB233800009ECD /* AppDelegate.swift in Sources */ = {isa = PBXBuildFile; fileRef = 05B1CE951FCB233800009ECD /* AppDelegate.swift */; };
		05B1CE9B1FCB233800009ECD /* Main.storyboard in Resources */ = {isa = PBXBuildFile; fileRef = 05B1CE991FCB233800009ECD /* Main.storyboard */; };
		05B1CE9D1FCB233800009ECD /* Assets.xcassets in Resources */ = {isa = PBXBuildFile; fileRef = 05B1CE9C1FCB233800009ECD /* Assets.xcassets */; };
		05B1CEA01FCB233800009ECD /* LaunchScreen.storyboard in Resources */ = {isa = PBXBuildFile; fileRef = 05B1CE9E1FCB233800009ECD /* LaunchScreen.storyboard */; };
		251158576E83FD80061BB9D0 /* Pods_RM30950.framework in Frameworks */ = {isa = PBXBuildFile; fileRef = 571D705C645047464039D1B5 /* Pods_RM30950.framework */; };
		2DBCD4138D76368672F3D3C3 /* Pods_RM30950UITests.framework in Frameworks */ = {isa = PBXBuildFile; fileRef = 2C830D958F870C90B3CDCC92 /* Pods_RM30950UITests.framework */; };
		69F373DF178A1F4ACB87AE20 /* Pods_RM30950Tests.framework in Frameworks */ = {isa = PBXBuildFile; fileRef = 00C3CDD130D904BA28FF4E92 /* Pods_RM30950Tests.framework */; };
/* End PBXBuildFile section */

/* Begin PBXContainerItemProxy section */
		05B1CEA71FCB233800009ECD /* PBXContainerItemProxy */ = {
			isa = PBXContainerItemProxy;
			containerPortal = 05B1CE8A1FCB233800009ECD /* Project object */;
			proxyType = 1;
			remoteGlobalIDString = 05B1CE911FCB233800009ECD;
			remoteInfo = RM30950;
		};
		05B1CEB21FCB233800009ECD /* PBXContainerItemProxy */ = {
			isa = PBXContainerItemProxy;
			containerPortal = 05B1CE8A1FCB233800009ECD /* Project object */;
			proxyType = 1;
			remoteGlobalIDString = 05B1CE911FCB233800009ECD;
			remoteInfo = RM30950;
		};
/* End PBXContainerItemProxy section */

/* Begin PBXFileReference section */
		00C3CDD130D904BA28FF4E92 /* Pods_RM30950Tests.framework */ = {isa = PBXFileReference; explicitFileType = wrapper.framework; includeInIndex = 0; path = Pods_RM30950Tests.framework; sourceTree = BUILT_PRODUCTS_DIR; };
		0594CEE41FCB57E600543C91 /* Beer.swift */ = {isa = PBXFileReference; lastKnownFileType = sourcecode.swift; path = Beer.swift; sourceTree = "<group>"; };
		0594CEE61FCB59D900543C91 /* REST.swift */ = {isa = PBXFileReference; lastKnownFileType = sourcecode.swift; path = REST.swift; sourceTree = "<group>"; };
		0594CEE81FCB5D7D00543C91 /* BeerTableViewController.swift */ = {isa = PBXFileReference; lastKnownFileType = sourcecode.swift; path = BeerTableViewController.swift; sourceTree = "<group>"; };
		0594CEEC1FCB6A6B00543C91 /* BeerTableViewCell.swift */ = {isa = PBXFileReference; lastKnownFileType = sourcecode.swift; path = BeerTableViewCell.swift; sourceTree = "<group>"; };
		0594CEEE1FD3766B00543C91 /* BeerViewController.swift */ = {isa = PBXFileReference; lastKnownFileType = sourcecode.swift; path = BeerViewController.swift; sourceTree = "<group>"; };
		05B1CE921FCB233800009ECD /* RM30950.app */ = {isa = PBXFileReference; explicitFileType = wrapper.application; includeInIndex = 0; path = RM30950.app; sourceTree = BUILT_PRODUCTS_DIR; };
		05B1CE951FCB233800009ECD /* AppDelegate.swift */ = {isa = PBXFileReference; lastKnownFileType = sourcecode.swift; path = AppDelegate.swift; sourceTree = "<group>"; };
		05B1CE9A1FCB233800009ECD /* Base */ = {isa = PBXFileReference; lastKnownFileType = file.storyboard; name = Base; path = Base.lproj/Main.storyboard; sourceTree = "<group>"; };
		05B1CE9C1FCB233800009ECD /* Assets.xcassets */ = {isa = PBXFileReference; lastKnownFileType = folder.assetcatalog; path = Assets.xcassets; sourceTree = "<group>"; };
		05B1CE9F1FCB233800009ECD /* Base */ = {isa = PBXFileReference; lastKnownFileType = file.storyboard; name = Base; path = Base.lproj/LaunchScreen.storyboard; sourceTree = "<group>"; };
		05B1CEA11FCB233800009ECD /* Info.plist */ = {isa = PBXFileReference; lastKnownFileType = text.plist.xml; path = Info.plist; sourceTree = "<group>"; };
		05B1CEA61FCB233800009ECD /* RM30950Tests.xctest */ = {isa = PBXFileReference; explicitFileType = wrapper.cfbundle; includeInIndex = 0; path = RM30950Tests.xctest; sourceTree = BUILT_PRODUCTS_DIR; };
		05B1CEB11FCB233800009ECD /* RM30950UITests.xctest */ = {isa = PBXFileReference; explicitFileType = wrapper.cfbundle; includeInIndex = 0; path = RM30950UITests.xctest; sourceTree = BUILT_PRODUCTS_DIR; };
		0A55FE07E33AA4059D1D83EB /* Pods-RM30950.release.xcconfig */ = {isa = PBXFileReference; includeInIndex = 1; lastKnownFileType = text.xcconfig; name = "Pods-RM30950.release.xcconfig"; path = "Pods/Target Support Files/Pods-RM30950/Pods-RM30950.release.xcconfig"; sourceTree = "<group>"; };
		0C3709E04521B3F677AB0CBF /* Pods-RM30950.debug.xcconfig */ = {isa = PBXFileReference; includeInIndex = 1; lastKnownFileType = text.xcconfig; name = "Pods-RM30950.debug.xcconfig"; path = "Pods/Target Support Files/Pods-RM30950/Pods-RM30950.debug.xcconfig"; sourceTree = "<group>"; };
		2C830D958F870C90B3CDCC92 /* Pods_RM30950UITests.framework */ = {isa = PBXFileReference; explicitFileType = wrapper.framework; includeInIndex = 0; path = Pods_RM30950UITests.framework; sourceTree = BUILT_PRODUCTS_DIR; };
		351742907B375BED177DC99F /* Pods-RM30950Tests.debug.xcconfig */ = {isa = PBXFileReference; includeInIndex = 1; lastKnownFileType = text.xcconfig; name = "Pods-RM30950Tests.debug.xcconfig"; path = "Pods/Target Support Files/Pods-RM30950Tests/Pods-RM30950Tests.debug.xcconfig"; sourceTree = "<group>"; };
		571D705C645047464039D1B5 /* Pods_RM30950.framework */ = {isa = PBXFileReference; explicitFileType = wrapper.framework; includeInIndex = 0; path = Pods_RM30950.framework; sourceTree = BUILT_PRODUCTS_DIR; };
		B4682FB222B78B84BD3BFFE6 /* Pods-RM30950Tests.release.xcconfig */ = {isa = PBXFileReference; includeInIndex = 1; lastKnownFileType = text.xcconfig; name = "Pods-RM30950Tests.release.xcconfig"; path = "Pods/Target Support Files/Pods-RM30950Tests/Pods-RM30950Tests.release.xcconfig"; sourceTree = "<group>"; };
		DACDD66A1F005ACE431F1C91 /* Pods-RM30950UITests.debug.xcconfig */ = {isa = PBXFileReference; includeInIndex = 1; lastKnownFileType = text.xcconfig; name = "Pods-RM30950UITests.debug.xcconfig"; path = "Pods/Target Support Files/Pods-RM30950UITests/Pods-RM30950UITests.debug.xcconfig"; sourceTree = "<group>"; };
		E150B394B4B63AD7D5EB84A0 /* Pods-RM30950UITests.release.xcconfig */ = {isa = PBXFileReference; includeInIndex = 1; lastKnownFileType = text.xcconfig; name = "Pods-RM30950UITests.release.xcconfig"; path = "Pods/Target Support Files/Pods-RM30950UITests/Pods-RM30950UITests.release.xcconfig"; sourceTree = "<group>"; };
/* End PBXFileReference section */

/* Begin PBXFrameworksBuildPhase section */
		05B1CE8F1FCB233800009ECD /* Frameworks */ = {
			isa = PBXFrameworksBuildPhase;
			buildActionMask = 2147483647;
			files = (
				251158576E83FD80061BB9D0 /* Pods_RM30950.framework in Frameworks */,
			);
			runOnlyForDeploymentPostprocessing = 0;
		};
		05B1CEA31FCB233800009ECD /* Frameworks */ = {
			isa = PBXFrameworksBuildPhase;
			buildActionMask = 2147483647;
			files = (
				69F373DF178A1F4ACB87AE20 /* Pods_RM30950Tests.framework in Frameworks */,
			);
			runOnlyForDeploymentPostprocessing = 0;
		};
		05B1CEAE1FCB233800009ECD /* Frameworks */ = {
			isa = PBXFrameworksBuildPhase;
			buildActionMask = 2147483647;
			files = (
				2DBCD4138D76368672F3D3C3 /* Pods_RM30950UITests.framework in Frameworks */,
			);
			runOnlyForDeploymentPostprocessing = 0;
		};
/* End PBXFrameworksBuildPhase section */

/* Begin PBXGroup section */
		05B1CE891FCB233800009ECD = {
			isa = PBXGroup;
			children = (
				05B1CE941FCB233800009ECD /* RM30950 */,
				05B1CE931FCB233800009ECD /* Products */,
				63C2DDE57EE23A2E90742A28 /* Pods */,
				05E344551F680B9D2B000CDF /* Frameworks */,
			);
			sourceTree = "<group>";
		};
		05B1CE931FCB233800009ECD /* Products */ = {
			isa = PBXGroup;
			children = (
				05B1CE921FCB233800009ECD /* RM30950.app */,
				05B1CEA61FCB233800009ECD /* RM30950Tests.xctest */,
				05B1CEB11FCB233800009ECD /* RM30950UITests.xctest */,
			);
			name = Products;
			sourceTree = "<group>";
		};
		05B1CE941FCB233800009ECD /* RM30950 */ = {
			isa = PBXGroup;
			children = (
				05B1CE951FCB233800009ECD /* AppDelegate.swift */,
				05B1CE991FCB233800009ECD /* Main.storyboard */,
				05B1CE9C1FCB233800009ECD /* Assets.xcassets */,
				05B1CE9E1FCB233800009ECD /* LaunchScreen.storyboard */,
				05B1CEA11FCB233800009ECD /* Info.plist */,
				0594CEE41FCB57E600543C91 /* Beer.swift */,
				0594CEE61FCB59D900543C91 /* REST.swift */,
				0594CEE81FCB5D7D00543C91 /* BeerTableViewController.swift */,
				0594CEEC1FCB6A6B00543C91 /* BeerTableViewCell.swift */,
				0594CEEE1FD3766B00543C91 /* BeerViewController.swift */,
			);
			path = RM30950;
			sourceTree = "<group>";
		};
		05E344551F680B9D2B000CDF /* Frameworks */ = {
			isa = PBXGroup;
			children = (
				571D705C645047464039D1B5 /* Pods_RM30950.framework */,
				00C3CDD130D904BA28FF4E92 /* Pods_RM30950Tests.framework */,
				2C830D958F870C90B3CDCC92 /* Pods_RM30950UITests.framework */,
			);
			name = Frameworks;
			sourceTree = "<group>";
		};
		63C2DDE57EE23A2E90742A28 /* Pods */ = {
			isa = PBXGroup;
			children = (
				0C3709E04521B3F677AB0CBF /* Pods-RM30950.debug.xcconfig */,
				0A55FE07E33AA4059D1D83EB /* Pods-RM30950.release.xcconfig */,
				351742907B375BED177DC99F /* Pods-RM30950Tests.debug.xcconfig */,
				B4682FB222B78B84BD3BFFE6 /* Pods-RM30950Tests.release.xcconfig */,
				DACDD66A1F005ACE431F1C91 /* Pods-RM30950UITests.debug.xcconfig */,
				E150B394B4B63AD7D5EB84A0 /* Pods-RM30950UITests.release.xcconfig */,
			);
			name = Pods;
			sourceTree = "<group>";
		};
/* End PBXGroup section */

/* Begin PBXNativeTarget section */
		05B1CE911FCB233800009ECD /* RM30950 */ = {
			isa = PBXNativeTarget;
			buildConfigurationList = 05B1CEBA1FCB233800009ECD /* Build configuration list for PBXNativeTarget "RM30950" */;
			buildPhases = (
				524AD235256BE88EA1BAAAE9 /* [CP] Check Pods Manifest.lock */,
				05B1CE8E1FCB233800009ECD /* Sources */,
				05B1CE8F1FCB233800009ECD /* Frameworks */,
				05B1CE901FCB233800009ECD /* Resources */,
				02F5012CEBCDEB58F0463527 /* [CP] Embed Pods Frameworks */,
				60B27F81215913992D452E34 /* [CP] Copy Pods Resources */,
			);
			buildRules = (
			);
			dependencies = (
			);
			name = RM30950;
			productName = RM30950;
			productReference = 05B1CE921FCB233800009ECD /* RM30950.app */;
			productType = "com.apple.product-type.application";
		};
		05B1CEA51FCB233800009ECD /* RM30950Tests */ = {
			isa = PBXNativeTarget;
			buildConfigurationList = 05B1CEBD1FCB233800009ECD /* Build configuration list for PBXNativeTarget "RM30950Tests" */;
			buildPhases = (
				AA7A6EA5B736839FE8C498A1 /* [CP] Check Pods Manifest.lock */,
				05B1CEA21FCB233800009ECD /* Sources */,
				05B1CEA31FCB233800009ECD /* Frameworks */,
				05B1CEA41FCB233800009ECD /* Resources */,
				593EB6B9B427E3EBE5DFE6E5 /* [CP] Embed Pods Frameworks */,
				7A657253A76017D2681A5D55 /* [CP] Copy Pods Resources */,
			);
			buildRules = (
			);
			dependencies = (
				05B1CEA81FCB233800009ECD /* PBXTargetDependency */,
			);
			name = RM30950Tests;
			productName = RM30950Tests;
			productReference = 05B1CEA61FCB233800009ECD /* RM30950Tests.xctest */;
			productType = "com.apple.product-type.bundle.unit-test";
		};
		05B1CEB01FCB233800009ECD /* RM30950UITests */ = {
			isa = PBXNativeTarget;
			buildConfigurationList = 05B1CEC01FCB233800009ECD /* Build configuration list for PBXNativeTarget "RM30950UITests" */;
			buildPhases = (
				C55AC253F8F3502BD85AC68B /* [CP] Check Pods Manifest.lock */,
				05B1CEAD1FCB233800009ECD /* Sources */,
				05B1CEAE1FCB233800009ECD /* Frameworks */,
				05B1CEAF1FCB233800009ECD /* Resources */,
				0FCA8B018FE682F80EF9CA8E /* [CP] Embed Pods Frameworks */,
				414D50765F7CC860192C0AB9 /* [CP] Copy Pods Resources */,
			);
			buildRules = (
			);
			dependencies = (
				05B1CEB31FCB233800009ECD /* PBXTargetDependency */,
			);
			name = RM30950UITests;
			productName = RM30950UITests;
			productReference = 05B1CEB11FCB233800009ECD /* RM30950UITests.xctest */;
			productType = "com.apple.product-type.bundle.ui-testing";
		};
/* End PBXNativeTarget section */

/* Begin PBXProject section */
		05B1CE8A1FCB233800009ECD /* Project object */ = {
			isa = PBXProject;
			attributes = {
				LastSwiftUpdateCheck = 0900;
				LastUpgradeCheck = 0900;
				ORGANIZATIONNAME = PUNKBeers;
				TargetAttributes = {
					05B1CE911FCB233800009ECD = {
						CreatedOnToolsVersion = 9.0.1;
						ProvisioningStyle = Automatic;
					};
					05B1CEA51FCB233800009ECD = {
						CreatedOnToolsVersion = 9.0.1;
						ProvisioningStyle = Automatic;
						TestTargetID = 05B1CE911FCB233800009ECD;
					};
					05B1CEB01FCB233800009ECD = {
						CreatedOnToolsVersion = 9.0.1;
						ProvisioningStyle = Automatic;
						TestTargetID = 05B1CE911FCB233800009ECD;
					};
				};
			};
			buildConfigurationList = 05B1CE8D1FCB233800009ECD /* Build configuration list for PBXProject "RM30950" */;
			compatibilityVersion = "Xcode 8.0";
			developmentRegion = en;
			hasScannedForEncodings = 0;
			knownRegions = (
				en,
				Base,
			);
			mainGroup = 05B1CE891FCB233800009ECD;
			productRefGroup = 05B1CE931FCB233800009ECD /* Products */;
			projectDirPath = "";
			projectRoot = "";
			targets = (
				05B1CE911FCB233800009ECD /* RM30950 */,
				05B1CEA51FCB233800009ECD /* RM30950Tests */,
				05B1CEB01FCB233800009ECD /* RM30950UITests */,
			);
		};
/* End PBXProject section */

/* Begin PBXResourcesBuildPhase section */
		05B1CE901FCB233800009ECD /* Resources */ = {
			isa = PBXResourcesBuildPhase;
			buildActionMask = 2147483647;
			files = (
				05B1CEA01FCB233800009ECD /* LaunchScreen.storyboard in Resources */,
				05B1CE9D1FCB233800009ECD /* Assets.xcassets in Resources */,
				05B1CE9B1FCB233800009ECD /* Main.storyboard in Resources */,
			);
			runOnlyForDeploymentPostprocessing = 0;
		};
		05B1CEA41FCB233800009ECD /* Resources */ = {
			isa = PBXResourcesBuildPhase;
			buildActionMask = 2147483647;
			files = (
			);
			runOnlyForDeploymentPostprocessing = 0;
		};
		05B1CEAF1FCB233800009ECD /* Resources */ = {
			isa = PBXResourcesBuildPhase;
			buildActionMask = 2147483647;
			files = (
			);
			runOnlyForDeploymentPostprocessing = 0;
		};
/* End PBXResourcesBuildPhase section */

/* Begin PBXShellScriptBuildPhase section */
		02F5012CEBCDEB58F0463527 /* [CP] Embed Pods Frameworks */ = {
			isa = PBXShellScriptBuildPhase;
			buildActionMask = 2147483647;
			files = (
			);
			inputPaths = (
				"${SRCROOT}/Pods/Target Support Files/Pods-RM30950/Pods-RM30950-frameworks.sh",
				"${BUILT_PRODUCTS_DIR}/Kingfisher/Kingfisher.framework",
			);
			name = "[CP] Embed Pods Frameworks";
			outputPaths = (
				"${TARGET_BUILD_DIR}/${FRAMEWORKS_FOLDER_PATH}/Kingfisher.framework",
			);
			runOnlyForDeploymentPostprocessing = 0;
			shellPath = /bin/sh;
			shellScript = "\"${SRCROOT}/Pods/Target Support Files/Pods-RM30950/Pods-RM30950-frameworks.sh\"\n";
			showEnvVarsInLog = 0;
		};
		0FCA8B018FE682F80EF9CA8E /* [CP] Embed Pods Frameworks */ = {
			isa = PBXShellScriptBuildPhase;
			buildActionMask = 2147483647;
			files = (
			);
			inputPaths = (
			);
			name = "[CP] Embed Pods Frameworks";
			outputPaths = (
			);
			runOnlyForDeploymentPostprocessing = 0;
			shellPath = /bin/sh;
			shellScript = "\"${SRCROOT}/Pods/Target Support Files/Pods-RM30950UITests/Pods-RM30950UITests-frameworks.sh\"\n";
			showEnvVarsInLog = 0;
		};
		414D50765F7CC860192C0AB9 /* [CP] Copy Pods Resources */ = {
			isa = PBXShellScriptBuildPhase;
			buildActionMask = 2147483647;
			files = (
			);
			inputPaths = (
			);
			name = "[CP] Copy Pods Resources";
			outputPaths = (
			);
			runOnlyForDeploymentPostprocessing = 0;
			shellPath = /bin/sh;
			shellScript = "\"${SRCROOT}/Pods/Target Support Files/Pods-RM30950UITests/Pods-RM30950UITests-resources.sh\"\n";
			showEnvVarsInLog = 0;
		};
		524AD235256BE88EA1BAAAE9 /* [CP] Check Pods Manifest.lock */ = {
			isa = PBXShellScriptBuildPhase;
			buildActionMask = 2147483647;
			files = (
			);
			inputPaths = (
				"${PODS_PODFILE_DIR_PATH}/Podfile.lock",
				"${PODS_ROOT}/Manifest.lock",
			);
			name = "[CP] Check Pods Manifest.lock";
			outputPaths = (
				"$(DERIVED_FILE_DIR)/Pods-RM30950-checkManifestLockResult.txt",
			);
			runOnlyForDeploymentPostprocessing = 0;
			shellPath = /bin/sh;
			shellScript = "diff \"${PODS_PODFILE_DIR_PATH}/Podfile.lock\" \"${PODS_ROOT}/Manifest.lock\" > /dev/null\nif [ $? != 0 ] ; then\n    # print error to STDERR\n    echo \"error: The sandbox is not in sync with the Podfile.lock. Run 'pod install' or update your CocoaPods installation.\" >&2\n    exit 1\nfi\n# This output is used by Xcode 'outputs' to avoid re-running this script phase.\necho \"SUCCESS\" > \"${SCRIPT_OUTPUT_FILE_0}\"\n";
			showEnvVarsInLog = 0;
		};
		593EB6B9B427E3EBE5DFE6E5 /* [CP] Embed Pods Frameworks */ = {
			isa = PBXShellScriptBuildPhase;
			buildActionMask = 2147483647;
			files = (
			);
			inputPaths = (
			);
			name = "[CP] Embed Pods Frameworks";
			outputPaths = (
			);
			runOnlyForDeploymentPostprocessing = 0;
			shellPath = /bin/sh;
			shellScript = "\"${SRCROOT}/Pods/Target Support Files/Pods-RM30950Tests/Pods-RM30950Tests-frameworks.sh\"\n";
			showEnvVarsInLog = 0;
		};
		60B27F81215913992D452E34 /* [CP] Copy Pods Resources */ = {
			isa = PBXShellScriptBuildPhase;
			buildActionMask = 2147483647;
			files = (
			);
			inputPaths = (
			);
			name = "[CP] Copy Pods Resources";
			outputPaths = (
			);
			runOnlyForDeploymentPostprocessing = 0;
			shellPath = /bin/sh;
			shellScript = "\"${SRCROOT}/Pods/Target Support Files/Pods-RM30950/Pods-RM30950-resources.sh\"\n";
			showEnvVarsInLog = 0;
		};
		7A657253A76017D2681A5D55 /* [CP] Copy Pods Resources */ = {
			isa = PBXShellScriptBuildPhase;
			buildActionMask = 2147483647;
			files = (
			);
			inputPaths = (
			);
			name = "[CP] Copy Pods Resources";
			outputPaths = (
			);
			runOnlyForDeploymentPostprocessing = 0;
			shellPath = /bin/sh;
			shellScript = "\"${SRCROOT}/Pods/Target Support Files/Pods-RM30950Tests/Pods-RM30950Tests-resources.sh\"\n";
			showEnvVarsInLog = 0;
		};
		AA7A6EA5B736839FE8C498A1 /* [CP] Check Pods Manifest.lock */ = {
			isa = PBXShellScriptBuildPhase;
			buildActionMask = 2147483647;
			files = (
			);
			inputPaths = (
				"${PODS_PODFILE_DIR_PATH}/Podfile.lock",
				"${PODS_ROOT}/Manifest.lock",
			);
			name = "[CP] Check Pods Manifest.lock";
			outputPaths = (
				"$(DERIVED_FILE_DIR)/Pods-RM30950Tests-checkManifestLockResult.txt",
			);
			runOnlyForDeploymentPostprocessing = 0;
			shellPath = /bin/sh;
			shellScript = "diff \"${PODS_PODFILE_DIR_PATH}/Podfile.lock\" \"${PODS_ROOT}/Manifest.lock\" > /dev/null\nif [ $? != 0 ] ; then\n    # print error to STDERR\n    echo \"error: The sandbox is not in sync with the Podfile.lock. Run 'pod install' or update your CocoaPods installation.\" >&2\n    exit 1\nfi\n# This output is used by Xcode 'outputs' to avoid re-running this script phase.\necho \"SUCCESS\" > \"${SCRIPT_OUTPUT_FILE_0}\"\n";
			showEnvVarsInLog = 0;
		};
		C55AC253F8F3502BD85AC68B /* [CP] Check Pods Manifest.lock */ = {
			isa = PBXShellScriptBuildPhase;
			buildActionMask = 2147483647;
			files = (
			);
			inputPaths = (
				"${PODS_PODFILE_DIR_PATH}/Podfile.lock",
				"${PODS_ROOT}/Manifest.lock",
			);
			name = "[CP] Check Pods Manifest.lock";
			outputPaths = (
				"$(DERIVED_FILE_DIR)/Pods-RM30950UITests-checkManifestLockResult.txt",
			);
			runOnlyForDeploymentPostprocessing = 0;
			shellPath = /bin/sh;
			shellScript = "diff \"${PODS_PODFILE_DIR_PATH}/Podfile.lock\" \"${PODS_ROOT}/Manifest.lock\" > /dev/null\nif [ $? != 0 ] ; then\n    # print error to STDERR\n    echo \"error: The sandbox is not in sync with the Podfile.lock. Run 'pod install' or update your CocoaPods installation.\" >&2\n    exit 1\nfi\n# This output is used by Xcode 'outputs' to avoid re-running this script phase.\necho \"SUCCESS\" > \"${SCRIPT_OUTPUT_FILE_0}\"\n";
			showEnvVarsInLog = 0;
		};
/* End PBXShellScriptBuildPhase section */

/* Begin PBXSourcesBuildPhase section */
		05B1CE8E1FCB233800009ECD /* Sources */ = {
			isa = PBXSourcesBuildPhase;
			buildActionMask = 2147483647;
			files = (
				0594CEED1FCB6A6B00543C91 /* BeerTableViewCell.swift in Sources */,
				0594CEEF1FD3766B00543C91 /* BeerViewController.swift in Sources */,
				0594CEE51FCB57E600543C91 /* Beer.swift in Sources */,
				0594CEE91FCB5D7D00543C91 /* BeerTableViewController.swift in Sources */,
				05B1CE961FCB233800009ECD /* AppDelegate.swift in Sources */,
				0594CEE71FCB59D900543C91 /* REST.swift in Sources */,
			);
			runOnlyForDeploymentPostprocessing = 0;
		};
		05B1CEA21FCB233800009ECD /* Sources */ = {
			isa = PBXSourcesBuildPhase;
			buildActionMask = 2147483647;
			files = (
			);
			runOnlyForDeploymentPostprocessing = 0;
		};
		05B1CEAD1FCB233800009ECD /* Sources */ = {
			isa = PBXSourcesBuildPhase;
			buildActionMask = 2147483647;
			files = (
			);
			runOnlyForDeploymentPostprocessing = 0;
		};
/* End PBXSourcesBuildPhase section */

/* Begin PBXTargetDependency section */
		05B1CEA81FCB233800009ECD /* PBXTargetDependency */ = {
			isa = PBXTargetDependency;
			target = 05B1CE911FCB233800009ECD /* RM30950 */;
			targetProxy = 05B1CEA71FCB233800009ECD /* PBXContainerItemProxy */;
		};
		05B1CEB31FCB233800009ECD /* PBXTargetDependency */ = {
			isa = PBXTargetDependency;
			target = 05B1CE911FCB233800009ECD /* RM30950 */;
			targetProxy = 05B1CEB21FCB233800009ECD /* PBXContainerItemProxy */;
		};
/* End PBXTargetDependency section */

/* Begin PBXVariantGroup section */
		05B1CE991FCB233800009ECD /* Main.storyboard */ = {
			isa = PBXVariantGroup;
			children = (
				05B1CE9A1FCB233800009ECD /* Base */,
			);
			name = Main.storyboard;
			sourceTree = "<group>";
		};
		05B1CE9E1FCB233800009ECD /* LaunchScreen.storyboard */ = {
			isa = PBXVariantGroup;
			children = (
				05B1CE9F1FCB233800009ECD /* Base */,
			);
			name = LaunchScreen.storyboard;
			sourceTree = "<group>";
		};
/* End PBXVariantGroup section */

/* Begin XCBuildConfiguration section */
		05B1CEB81FCB233800009ECD /* Debug */ = {
			isa = XCBuildConfiguration;
			buildSettings = {
				ALWAYS_SEARCH_USER_PATHS = NO;
				CLANG_ANALYZER_NONNULL = YES;
				CLANG_ANALYZER_NUMBER_OBJECT_CONVERSION = YES_AGGRESSIVE;
				CLANG_CXX_LANGUAGE_STANDARD = "gnu++14";
				CLANG_CXX_LIBRARY = "libc++";
				CLANG_ENABLE_MODULES = YES;
				CLANG_ENABLE_OBJC_ARC = YES;
				CLANG_WARN_BLOCK_CAPTURE_AUTORELEASING = YES;
				CLANG_WARN_BOOL_CONVERSION = YES;
				CLANG_WARN_COMMA = YES;
				CLANG_WARN_CONSTANT_CONVERSION = YES;
				CLANG_WARN_DIRECT_OBJC_ISA_USAGE = YES_ERROR;
				CLANG_WARN_DOCUMENTATION_COMMENTS = YES;
				CLANG_WARN_EMPTY_BODY = YES;
				CLANG_WARN_ENUM_CONVERSION = YES;
				CLANG_WARN_INFINITE_RECURSION = YES;
				CLANG_WARN_INT_CONVERSION = YES;
				CLANG_WARN_NON_LITERAL_NULL_CONVERSION = YES;
				CLANG_WARN_OBJC_LITERAL_CONVERSION = YES;
				CLANG_WARN_OBJC_ROOT_CLASS = YES_ERROR;
				CLANG_WARN_RANGE_LOOP_ANALYSIS = YES;
				CLANG_WARN_STRICT_PROTOTYPES = YES;
				CLANG_WARN_SUSPICIOUS_MOVE = YES;
				CLANG_WARN_UNGUARDED_AVAILABILITY = YES_AGGRESSIVE;
				CLANG_WARN_UNREACHABLE_CODE = YES;
				CLANG_WARN__DUPLICATE_METHOD_MATCH = YES;
				CODE_SIGN_IDENTITY = "iPhone Developer";
				COPY_PHASE_STRIP = NO;
				DEBUG_INFORMATION_FORMAT = dwarf;
				ENABLE_STRICT_OBJC_MSGSEND = YES;
				ENABLE_TESTABILITY = YES;
				GCC_C_LANGUAGE_STANDARD = gnu11;
				GCC_DYNAMIC_NO_PIC = NO;
				GCC_NO_COMMON_BLOCKS = YES;
				GCC_OPTIMIZATION_LEVEL = 0;
				GCC_PREPROCESSOR_DEFINITIONS = (
					"DEBUG=1",
					"$(inherited)",
				);
				GCC_WARN_64_TO_32_BIT_CONVERSION = YES;
				GCC_WARN_ABOUT_RETURN_TYPE = YES_ERROR;
				GCC_WARN_UNDECLARED_SELECTOR = YES;
				GCC_WARN_UNINITIALIZED_AUTOS = YES_AGGRESSIVE;
				GCC_WARN_UNUSED_FUNCTION = YES;
				GCC_WARN_UNUSED_VARIABLE = YES;
				IPHONEOS_DEPLOYMENT_TARGET = 11.0;
				MTL_ENABLE_DEBUG_INFO = YES;
				ONLY_ACTIVE_ARCH = YES;
				SDKROOT = iphoneos;
				SWIFT_ACTIVE_COMPILATION_CONDITIONS = DEBUG;
				SWIFT_OPTIMIZATION_LEVEL = "-Onone";
			};
			name = Debug;
		};
		05B1CEB91FCB233800009ECD /* Release */ = {
			isa = XCBuildConfiguration;
			buildSettings = {
				ALWAYS_SEARCH_USER_PATHS = NO;
				CLANG_ANALYZER_NONNULL = YES;
				CLANG_ANALYZER_NUMBER_OBJECT_CONVERSION = YES_AGGRESSIVE;
				CLANG_CXX_LANGUAGE_STANDARD = "gnu++14";
				CLANG_CXX_LIBRARY = "libc++";
				CLANG_ENABLE_MODULES = YES;
				CLANG_ENABLE_OBJC_ARC = YES;
				CLANG_WARN_BLOCK_CAPTURE_AUTORELEASING = YES;
				CLANG_WARN_BOOL_CONVERSION = YES;
				CLANG_WARN_COMMA = YES;
				CLANG_WARN_CONSTANT_CONVERSION = YES;
				CLANG_WARN_DIRECT_OBJC_ISA_USAGE = YES_ERROR;
				CLANG_WARN_DOCUMENTATION_COMMENTS = YES;
				CLANG_WARN_EMPTY_BODY = YES;
				CLANG_WARN_ENUM_CONVERSION = YES;
				CLANG_WARN_INFINITE_RECURSION = YES;
				CLANG_WARN_INT_CONVERSION = YES;
				CLANG_WARN_NON_LITERAL_NULL_CONVERSION = YES;
				CLANG_WARN_OBJC_LITERAL_CONVERSION = YES;
				CLANG_WARN_OBJC_ROOT_CLASS = YES_ERROR;
				CLANG_WARN_RANGE_LOOP_ANALYSIS = YES;
				CLANG_WARN_STRICT_PROTOTYPES = YES;
				CLANG_WARN_SUSPICIOUS_MOVE = YES;
				CLANG_WARN_UNGUARDED_AVAILABILITY = YES_AGGRESSIVE;
				CLANG_WARN_UNREACHABLE_CODE = YES;
				CLANG_WARN__DUPLICATE_METHOD_MATCH = YES;
				CODE_SIGN_IDENTITY = "iPhone Developer";
				COPY_PHASE_STRIP = NO;
				DEBUG_INFORMATION_FORMAT = "dwarf-with-dsym";
				ENABLE_NS_ASSERTIONS = NO;
				ENABLE_STRICT_OBJC_MSGSEND = YES;
				GCC_C_LANGUAGE_STANDARD = gnu11;
				GCC_NO_COMMON_BLOCKS = YES;
				GCC_WARN_64_TO_32_BIT_CONVERSION = YES;
				GCC_WARN_ABOUT_RETURN_TYPE = YES_ERROR;
				GCC_WARN_UNDECLARED_SELECTOR = YES;
				GCC_WARN_UNINITIALIZED_AUTOS = YES_AGGRESSIVE;
				GCC_WARN_UNUSED_FUNCTION = YES;
				GCC_WARN_UNUSED_VARIABLE = YES;
				IPHONEOS_DEPLOYMENT_TARGET = 11.0;
				MTL_ENABLE_DEBUG_INFO = NO;
				SDKROOT = iphoneos;
				SWIFT_OPTIMIZATION_LEVEL = "-Owholemodule";
				VALIDATE_PRODUCT = YES;
			};
			name = Release;
		};
		05B1CEBB1FCB233800009ECD /* Debug */ = {
			isa = XCBuildConfiguration;
			baseConfigurationReference = 0C3709E04521B3F677AB0CBF /* Pods-RM30950.debug.xcconfig */;
			buildSettings = {
				ASSETCATALOG_COMPILER_APPICON_NAME = AppIcon;
				CODE_SIGN_STYLE = Automatic;
				INFOPLIST_FILE = RM30950/Info.plist;
				LD_RUNPATH_SEARCH_PATHS = "$(inherited) @executable_path/Frameworks";
				PRODUCT_BUNDLE_IDENTIFIER = com.fiap.RM30950;
				PRODUCT_NAME = "$(TARGET_NAME)";
				SWIFT_VERSION = 4.0;
				TARGETED_DEVICE_FAMILY = "1,2";
			};
			name = Debug;
		};
		05B1CEBC1FCB233800009ECD /* Release */ = {
			isa = XCBuildConfiguration;
			baseConfigurationReference = 0A55FE07E33AA4059D1D83EB /* Pods-RM30950.release.xcconfig */;
			buildSettings = {
				ASSETCATALOG_COMPILER_APPICON_NAME = AppIcon;
				CODE_SIGN_STYLE = Automatic;
				INFOPLIST_FILE = RM30950/Info.plist;
				LD_RUNPATH_SEARCH_PATHS = "$(inherited) @executable_path/Frameworks";
				PRODUCT_BUNDLE_IDENTIFIER = com.fiap.RM30950;
				PRODUCT_NAME = "$(TARGET_NAME)";
				SWIFT_VERSION = 4.0;
				TARGETED_DEVICE_FAMILY = "1,2";
			};
			name = Release;
		};
		05B1CEBE1FCB233800009ECD /* Debug */ = {
			isa = XCBuildConfiguration;
			baseConfigurationReference = 351742907B375BED177DC99F /* Pods-RM30950Tests.debug.xcconfig */;
			buildSettings = {
				ALWAYS_EMBED_SWIFT_STANDARD_LIBRARIES = YES;
				BUNDLE_LOADER = "$(TEST_HOST)";
				CODE_SIGN_STYLE = Automatic;
				INFOPLIST_FILE = RM30950Tests/Info.plist;
				LD_RUNPATH_SEARCH_PATHS = "$(inherited) @executable_path/Frameworks @loader_path/Frameworks";
				PRODUCT_BUNDLE_IDENTIFIER = com.fiap.RM30950Tests;
				PRODUCT_NAME = "$(TARGET_NAME)";
				SWIFT_VERSION = 4.0;
				TARGETED_DEVICE_FAMILY = "1,2";
				TEST_HOST = "$(BUILT_PRODUCTS_DIR)/RM30950.app/RM30950";
			};
			name = Debug;
		};
		05B1CEBF1FCB233800009ECD /* Release */ = {
			isa = XCBuildConfiguration;
			baseConfigurationReference = B4682FB222B78B84BD3BFFE6 /* Pods-RM30950Tests.release.xcconfig */;
			buildSettings = {
				ALWAYS_EMBED_SWIFT_STANDARD_LIBRARIES = YES;
				BUNDLE_LOADER = "$(TEST_HOST)";
				CODE_SIGN_STYLE = Automatic;
				INFOPLIST_FILE = RM30950Tests/Info.plist;
				LD_RUNPATH_SEARCH_PATHS = "$(inherited) @executable_path/Frameworks @loader_path/Frameworks";
				PRODUCT_BUNDLE_IDENTIFIER = com.fiap.RM30950Tests;
				PRODUCT_NAME = "$(TARGET_NAME)";
				SWIFT_VERSION = 4.0;
				TARGETED_DEVICE_FAMILY = "1,2";
				TEST_HOST = "$(BUILT_PRODUCTS_DIR)/RM30950.app/RM30950";
			};
			name = Release;
		};
		05B1CEC11FCB233800009ECD /* Debug */ = {
			isa = XCBuildConfiguration;
			baseConfigurationReference = DACDD66A1F005ACE431F1C91 /* Pods-RM30950UITests.debug.xcconfig */;
			buildSettings = {
				ALWAYS_EMBED_SWIFT_STANDARD_LIBRARIES = YES;
				CODE_SIGN_STYLE = Automatic;
				INFOPLIST_FILE = RM30950UITests/Info.plist;
				LD_RUNPATH_SEARCH_PATHS = "$(inherited) @executable_path/Frameworks @loader_path/Frameworks";
				PRODUCT_BUNDLE_IDENTIFIER = com.fiap.RM30950UITests;
				PRODUCT_NAME = "$(TARGET_NAME)";
				SWIFT_VERSION = 4.0;
				TARGETED_DEVICE_FAMILY = "1,2";
				TEST_TARGET_NAME = RM30950;
			};
			name = Debug;
		};
		05B1CEC21FCB233800009ECD /* Release */ = {
			isa = XCBuildConfiguration;
			baseConfigurationReference = E150B394B4B63AD7D5EB84A0 /* Pods-RM30950UITests.release.xcconfig */;
			buildSettings = {
				ALWAYS_EMBED_SWIFT_STANDARD_LIBRARIES = YES;
				CODE_SIGN_STYLE = Automatic;
				INFOPLIST_FILE = RM30950UITests/Info.plist;
				LD_RUNPATH_SEARCH_PATHS = "$(inherited) @executable_path/Frameworks @loader_path/Frameworks";
				PRODUCT_BUNDLE_IDENTIFIER = com.fiap.RM30950UITests;
				PRODUCT_NAME = "$(TARGET_NAME)";
				SWIFT_VERSION = 4.0;
				TARGETED_DEVICE_FAMILY = "1,2";
				TEST_TARGET_NAME = RM30950;
			};
			name = Release;
		};
/* End XCBuildConfiguration section */

/* Begin XCConfigurationList section */
		05B1CE8D1FCB233800009ECD /* Build configuration list for PBXProject "RM30950" */ = {
			isa = XCConfigurationList;
			buildConfigurations = (
				05B1CEB81FCB233800009ECD /* Debug */,
				05B1CEB91FCB233800009ECD /* Release */,
			);
			defaultConfigurationIsVisible = 0;
			defaultConfigurationName = Release;
		};
		05B1CEBA1FCB233800009ECD /* Build configuration list for PBXNativeTarget "RM30950" */ = {
			isa = XCConfigurationList;
			buildConfigurations = (
				05B1CEBB1FCB233800009ECD /* Debug */,
				05B1CEBC1FCB233800009ECD /* Release */,
			);
			defaultConfigurationIsVisible = 0;
			defaultConfigurationName = Release;
		};
		05B1CEBD1FCB233800009ECD /* Build configuration list for PBXNativeTarget "RM30950Tests" */ = {
			isa = XCConfigurationList;
			buildConfigurations = (
				05B1CEBE1FCB233800009ECD /* Debug */,
				05B1CEBF1FCB233800009ECD /* Release */,
			);
			defaultConfigurationIsVisible = 0;
			defaultConfigurationName = Release;
		};
		05B1CEC01FCB233800009ECD /* Build configuration list for PBXNativeTarget "RM30950UITests" */ = {
			isa = XCConfigurationList;
			buildConfigurations = (
				05B1CEC11FCB233800009ECD /* Debug */,
				05B1CEC21FCB233800009ECD /* Release */,
			);
			defaultConfigurationIsVisible = 0;
			defaultConfigurationName = Release;
		};
/* End XCConfigurationList section */
	};
	rootObject = 05B1CE8A1FCB233800009ECD /* Project object */;
}
